
Microsoft Visual Studio Solution File, Format Version 12.00
# Visual Studio Version 17
VisualStudioVersion = 17.9.34728.123
MinimumVisualStudioVersion = 10.0.40219.1
Project("{9A19103F-16F7-4668-BE54-9A1E7A4F7556}") = "PersonalLedger", "Ovning1PersonalLedger\PersonalLedger.csproj", "{3B85D685-B297-459A-98D5-E2CE2C74CEA0}"
EndProject
Project("{FAE04EC0-301F-11D3-BF4B-00C04F79EFBC}") = "PersonalLedger.HelpersPractice", "HelpersPractice\PersonalLedger.HelpersPractice.csproj", "{3831093F-33D6-4770-84EC-7142277B1BC0}"
EndProject
Global
	GlobalSection(SolutionConfigurationPlatforms) = preSolution
		Debug|Any CPU = Debug|Any CPU
		Release|Any CPU = Release|Any CPU
	EndGlobalSection
	GlobalSection(ProjectConfigurationPlatforms) = postSolution
		{3B85D685-B297-459A-98D5-E2CE2C74CEA0}.Debug|Any CPU.ActiveCfg = Debug|Any CPU
		{3B85D685-B297-459A-98D5-E2CE2C74CEA0}.Debug|Any CPU.Build.0 = Debug|Any CPU
		{3B85D685-B297-459A-98D5-E2CE2C74CEA0}.Release|Any CPU.ActiveCfg = Release|Any CPU
		{3B85D685-B297-459A-98D5-E2CE2C74CEA0}.Release|Any CPU.Build.0 = Release|Any CPU
		{3831093F-33D6-4770-84EC-7142277B1BC0}.Debug|Any CPU.ActiveCfg = Debug|Any CPU
		{3831093F-33D6-4770-84EC-7142277B1BC0}.Debug|Any CPU.Build.0 = Debug|Any CPU
		{3831093F-33D6-4770-84EC-7142277B1BC0}.Release|Any CPU.ActiveCfg = Release|Any CPU
		{3831093F-33D6-4770-84EC-7142277B1BC0}.Release|Any CPU.Build.0 = Release|Any CPU
	EndGlobalSection
	GlobalSection(SolutionProperties) = preSolution
		HideSolutionNode = FALSE
	EndGlobalSection
	GlobalSection(ExtensibilityGlobals) = postSolution
		SolutionGuid = {F7FD16C8-778A-42FC-B0E6-2FDBF63B60AC}
	EndGlobalSection
EndGlobal
